schema: '2.0'
stages:
  evaluate:
    cmd: python scripts/evaluate.py data/predicted/predicted.json data/target/target.json
    deps:
    - path: data/predicted/predicted.json
      hash: md5
      md5: ee7be9e0054283478f441e1c0e78e921
      size: 10830
    - path: data/target/target.json
      hash: md5
      md5: b4bdae0dbed5109db318cacfa8dbc4a8
      size: 12922
    - path: scripts/evaluate.py
      hash: md5
      md5: f7e3861286a13fb5ffba2648da85c285
      size: 3679
    outs:
    - path: data/metrics/metrics.json
      hash: md5
      md5: ef82ba00a97b22908062f4cee66a09a6
      size: 128
